// !$*UTF8*$!
{
	archiveVersion = 1;
	classes = {
	};
	objectVersion = 46;
	objects = {

/* Begin PBXBuildFile section */
		024B1616161037AE00CD310B /* close.png in Resources */ = {isa = PBXBuildFile; fileRef = 024B1614161037AE00CD310B /* close.png */; };
		024B1617161037AE00CD310B /* close@2x.png in Resources */ = {isa = PBXBuildFile; fileRef = 024B1615161037AE00CD310B /* close@2x.png */; };
		024CAB20160843CF00A7F2B6 /* map1.png in Resources */ = {isa = PBXBuildFile; fileRef = 024CAB11160843CF00A7F2B6 /* map1.png */; };
		024CAB21160843CF00A7F2B6 /* map1_1.PNG in Resources */ = {isa = PBXBuildFile; fileRef = 024CAB12160843CF00A7F2B6 /* map1_1.PNG */; };
		024CAB22160843CF00A7F2B6 /* map1_2.PNG in Resources */ = {isa = PBXBuildFile; fileRef = 024CAB13160843CF00A7F2B6 /* map1_2.PNG */; };
		024CAB23160843CF00A7F2B6 /* map2.png in Resources */ = {isa = PBXBuildFile; fileRef = 024CAB14160843CF00A7F2B6 /* map2.png */; };
		024CAB24160843CF00A7F2B6 /* map2_1.PNG in Resources */ = {isa = PBXBuildFile; fileRef = 024CAB15160843CF00A7F2B6 /* map2_1.PNG */; };
		024CAB25160843CF00A7F2B6 /* map2_2.PNG in Resources */ = {isa = PBXBuildFile; fileRef = 024CAB16160843CF00A7F2B6 /* map2_2.PNG */; };
		024CAB26160843CF00A7F2B6 /* map2_3.PNG in Resources */ = {isa = PBXBuildFile; fileRef = 024CAB17160843CF00A7F2B6 /* map2_3.PNG */; };
		024CAB27160843CF00A7F2B6 /* map3.png in Resources */ = {isa = PBXBuildFile; fileRef = 024CAB18160843CF00A7F2B6 /* map3.png */; };
		024CAB28160843CF00A7F2B6 /* map3_1.PNG in Resources */ = {isa = PBXBuildFile; fileRef = 024CAB19160843CF00A7F2B6 /* map3_1.PNG */; };
		024CAB29160843CF00A7F2B6 /* map3_2.PNG in Resources */ = {isa = PBXBuildFile; fileRef = 024CAB1A160843CF00A7F2B6 /* map3_2.PNG */; };
		024CAB2A160843CF00A7F2B6 /* map3_3.PNG in Resources */ = {isa = PBXBuildFile; fileRef = 024CAB1B160843CF00A7F2B6 /* map3_3.PNG */; };
		024CAB2B160843CF00A7F2B6 /* map4.png in Resources */ = {isa = PBXBuildFile; fileRef = 024CAB1C160843CF00A7F2B6 /* map4.png */; };
		024CAB2C160843CF00A7F2B6 /* map4_1.png in Resources */ = {isa = PBXBuildFile; fileRef = 024CAB1D160843CF00A7F2B6 /* map4_1.png */; };
		024CAB2D160843CF00A7F2B6 /* map4_2.png in Resources */ = {isa = PBXBuildFile; fileRef = 024CAB1E160843CF00A7F2B6 /* map4_2.png */; };
		024CAB2E160843CF00A7F2B6 /* map5.png in Resources */ = {isa = PBXBuildFile; fileRef = 024CAB1F160843CF00A7F2B6 /* map5.png */; };
		028DB3BF1616FCBD00607803 /* HelpViewController.m in Sources */ = {isa = PBXBuildFile; fileRef = 028DB3BD1616FCBD00607803 /* HelpViewController.m */; };
		028DB3C01616FCBD00607803 /* HelpViewController.xib in Resources */ = {isa = PBXBuildFile; fileRef = 028DB3BE1616FCBD00607803 /* HelpViewController.xib */; };
		02A299351616A26300B9E221 /* top@2x.png in Resources */ = {isa = PBXBuildFile; fileRef = 02A299311616A26300B9E221 /* top@2x.png */; };
		02A299361616A26300B9E221 /* top.png in Resources */ = {isa = PBXBuildFile; fileRef = 02A299321616A26300B9E221 /* top.png */; };
		02A299371616A26300B9E221 /* bi1@2x.png in Resources */ = {isa = PBXBuildFile; fileRef = 02A299331616A26300B9E221 /* bi1@2x.png */; };
		02A299381616A26300B9E221 /* bi1.png in Resources */ = {isa = PBXBuildFile; fileRef = 02A299341616A26300B9E221 /* bi1.png */; };
		02A2993C1616A29000B9E221 /* bi2.png in Resources */ = {isa = PBXBuildFile; fileRef = 02A2993A1616A29000B9E221 /* bi2.png */; };
		02A2993D1616A29000B9E221 /* bi2@2x.png in Resources */ = {isa = PBXBuildFile; fileRef = 02A2993B1616A29000B9E221 /* bi2@2x.png */; };
		02A299421616A50E00B9E221 /* bi3@2x.png in Resources */ = {isa = PBXBuildFile; fileRef = 02A2993E1616A50E00B9E221 /* bi3@2x.png */; };
		02A299431616A50E00B9E221 /* bi3.png in Resources */ = {isa = PBXBuildFile; fileRef = 02A2993F1616A50E00B9E221 /* bi3.png */; };
		02A299441616A50E00B9E221 /* fanhui@2x.png in Resources */ = {isa = PBXBuildFile; fileRef = 02A299401616A50E00B9E221 /* fanhui@2x.png */; };
		02A299451616A50E00B9E221 /* fanhui.png in Resources */ = {isa = PBXBuildFile; fileRef = 02A299411616A50E00B9E221 /* fanhui.png */; };
		02A299491616DC3100B9E221 /* map6.png in Resources */ = {isa = PBXBuildFile; fileRef = 02A299481616DC3100B9E221 /* map6.png */; };
		CE22CC0B15F44F38005225E5 /* BIMapViewController.m in Sources */ = {isa = PBXBuildFile; fileRef = CE22CC0A15F44F38005225E5 /* BIMapViewController.m */; };
		CE5DCEAE1635453A00405361 /* ISSFramework.framework in Frameworks */ = {isa = PBXBuildFile; fileRef = CE5DCEAD1635453A00405361 /* ISSFramework.framework */; };
		CE5DCEB41635454900405361 /* MediaPlayer.framework in Frameworks */ = {isa = PBXBuildFile; fileRef = CE5DCEAF1635454900405361 /* MediaPlayer.framework */; };
		CE5DCEB51635454900405361 /* AudioToolbox.framework in Frameworks */ = {isa = PBXBuildFile; fileRef = CE5DCEB01635454900405361 /* AudioToolbox.framework */; };
		CE5DCEB61635454900405361 /* MessageUI.framework in Frameworks */ = {isa = PBXBuildFile; fileRef = CE5DCEB11635454900405361 /* MessageUI.framework */; };
		CE5DCEB71635454900405361 /* CoreData.framework in Frameworks */ = {isa = PBXBuildFile; fileRef = CE5DCEB21635454900405361 /* CoreData.framework */; };
		CE5DCEB81635454900405361 /* CoreLocation.framework in Frameworks */ = {isa = PBXBuildFile; fileRef = CE5DCEB31635454900405361 /* CoreLocation.framework */; };
		CE84505915F1015E00FD89D7 /* icon.png in Resources */ = {isa = PBXBuildFile; fileRef = CE84505815F1015E00FD89D7 /* icon.png */; };
		CE85B0BB15EF176D000083C4 /* MainViewController.m in Sources */ = {isa = PBXBuildFile; fileRef = CE85B0BA15EF176D000083C4 /* MainViewController.m */; };
		CE8805DC16174D26005E2BAA /* eg1.jpg in Resources */ = {isa = PBXBuildFile; fileRef = CE8805DA16174D26005E2BAA /* eg1.jpg */; };
		CE8805DD16174D26005E2BAA /* eg2.jpg in Resources */ = {isa = PBXBuildFile; fileRef = CE8805DB16174D26005E2BAA /* eg2.jpg */; };
		CEB8536915EB42480009979A /* UIKit.framework in Frameworks */ = {isa = PBXBuildFile; fileRef = CEB8536815EB42480009979A /* UIKit.framework */; };
		CEB8536B15EB42480009979A /* Foundation.framework in Frameworks */ = {isa = PBXBuildFile; fileRef = CEB8536A15EB42480009979A /* Foundation.framework */; };
		CEB8536D15EB42480009979A /* CoreGraphics.framework in Frameworks */ = {isa = PBXBuildFile; fileRef = CEB8536C15EB42480009979A /* CoreGraphics.framework */; };
		CEB8537315EB42480009979A /* InfoPlist.strings in Resources */ = {isa = PBXBuildFile; fileRef = CEB8537115EB42480009979A /* InfoPlist.strings */; };
		CEB8537515EB42480009979A /* main.m in Sources */ = {isa = PBXBuildFile; fileRef = CEB8537415EB42480009979A /* main.m */; };
		CEB8537915EB42480009979A /* AppDelegate.m in Sources */ = {isa = PBXBuildFile; fileRef = CEB8537815EB42480009979A /* AppDelegate.m */; };
		CEB8537C15EB42480009979A /* MainStoryboard.storyboard in Resources */ = {isa = PBXBuildFile; fileRef = CEB8537A15EB42480009979A /* MainStoryboard.storyboard */; };
		CEB8539515EB42800009979A /* QuartzCore.framework in Frameworks */ = {isa = PBXBuildFile; fileRef = CEB8538A15EB42800009979A /* QuartzCore.framework */; };
		CEB8539F15EB44280009979A /* BITableChartViewController.m in Sources */ = {isa = PBXBuildFile; fileRef = CEB8539E15EB44280009979A /* BITableChartViewController.m */; };
		CEB8540B15EB54F00009979A /* ImageIO.framework in Frameworks */ = {isa = PBXBuildFile; fileRef = CEB853FF15EB54EF0009979A /* ImageIO.framework */; };
		CEB8540C15EB54F00009979A /* MapKit.framework in Frameworks */ = {isa = PBXBuildFile; fileRef = CEB8540015EB54EF0009979A /* MapKit.framework */; };
		CEB8540D15EB54F00009979A /* MobileCoreServices.framework in Frameworks */ = {isa = PBXBuildFile; fileRef = CEB8540115EB54EF0009979A /* MobileCoreServices.framework */; };
		CEB8540E15EB54F00009979A /* CFNetwork.framework in Frameworks */ = {isa = PBXBuildFile; fileRef = CEB8540215EB54EF0009979A /* CFNetwork.framework */; };
		CEB8540F15EB54F00009979A /* libz.dylib in Frameworks */ = {isa = PBXBuildFile; fileRef = CEB8540315EB54EF0009979A /* libz.dylib */; };
		CEB8541015EB54F00009979A /* libxml2.dylib in Frameworks */ = {isa = PBXBuildFile; fileRef = CEB8540415EB54EF0009979A /* libxml2.dylib */; };
		CEB8541115EB54F00009979A /* MediaPlayer.framework in Frameworks */ = {isa = PBXBuildFile; fileRef = CEB8540515EB54EF0009979A /* MediaPlayer.framework */; };
		CEB8541215EB54F00009979A /* AudioToolbox.framework in Frameworks */ = {isa = PBXBuildFile; fileRef = CEB8540615EB54EF0009979A /* AudioToolbox.framework */; };
		CEB8541315EB54F00009979A /* MessageUI.framework in Frameworks */ = {isa = PBXBuildFile; fileRef = CEB8540715EB54F00009979A /* MessageUI.framework */; };
		CEB8541415EB54F00009979A /* SystemConfiguration.framework in Frameworks */ = {isa = PBXBuildFile; fileRef = CEB8540815EB54F00009979A /* SystemConfiguration.framework */; };
		CEB8541615EB54F00009979A /* libsqlite3.dylib in Frameworks */ = {isa = PBXBuildFile; fileRef = CEB8540A15EB54F00009979A /* libsqlite3.dylib */; };
/* End PBXBuildFile section */

/* Begin PBXFileReference section */
		024B1614161037AE00CD310B /* close.png */ = {isa = PBXFileReference; lastKnownFileType = image.png; path = close.png; sourceTree = "<group>"; };
		024B1615161037AE00CD310B /* close@2x.png */ = {isa = PBXFileReference; lastKnownFileType = image.png; path = "close@2x.png"; sourceTree = "<group>"; };
		024CAB11160843CF00A7F2B6 /* map1.png */ = {isa = PBXFileReference; lastKnownFileType = image.png; path = map1.png; sourceTree = "<group>"; };
		024CAB12160843CF00A7F2B6 /* map1_1.PNG */ = {isa = PBXFileReference; lastKnownFileType = image.png; path = map1_1.PNG; sourceTree = "<group>"; };
		024CAB13160843CF00A7F2B6 /* map1_2.PNG */ = {isa = PBXFileReference; lastKnownFileType = image.png; path = map1_2.PNG; sourceTree = "<group>"; };
		024CAB14160843CF00A7F2B6 /* map2.png */ = {isa = PBXFileReference; lastKnownFileType = image.png; path = map2.png; sourceTree = "<group>"; };
		024CAB15160843CF00A7F2B6 /* map2_1.PNG */ = {isa = PBXFileReference; lastKnownFileType = image.png; path = map2_1.PNG; sourceTree = "<group>"; };
		024CAB16160843CF00A7F2B6 /* map2_2.PNG */ = {isa = PBXFileReference; lastKnownFileType = image.png; path = map2_2.PNG; sourceTree = "<group>"; };
		024CAB17160843CF00A7F2B6 /* map2_3.PNG */ = {isa = PBXFileReference; lastKnownFileType = image.png; path = map2_3.PNG; sourceTree = "<group>"; };
		024CAB18160843CF00A7F2B6 /* map3.png */ = {isa = PBXFileReference; lastKnownFileType = image.png; path = map3.png; sourceTree = "<group>"; };
		024CAB19160843CF00A7F2B6 /* map3_1.PNG */ = {isa = PBXFileReference; lastKnownFileType = image.png; path = map3_1.PNG; sourceTree = "<group>"; };
		024CAB1A160843CF00A7F2B6 /* map3_2.PNG */ = {isa = PBXFileReference; lastKnownFileType = image.png; path = map3_2.PNG; sourceTree = "<group>"; };
		024CAB1B160843CF00A7F2B6 /* map3_3.PNG */ = {isa = PBXFileReference; lastKnownFileType = image.png; path = map3_3.PNG; sourceTree = "<group>"; };
		024CAB1C160843CF00A7F2B6 /* map4.png */ = {isa = PBXFileReference; lastKnownFileType = image.png; path = map4.png; sourceTree = "<group>"; };
		024CAB1D160843CF00A7F2B6 /* map4_1.png */ = {isa = PBXFileReference; lastKnownFileType = image.png; path = map4_1.png; sourceTree = "<group>"; };
		024CAB1E160843CF00A7F2B6 /* map4_2.png */ = {isa = PBXFileReference; lastKnownFileType = image.png; path = map4_2.png; sourceTree = "<group>"; };
		024CAB1F160843CF00A7F2B6 /* map5.png */ = {isa = PBXFileReference; lastKnownFileType = image.png; path = map5.png; sourceTree = "<group>"; };
		028DB3BC1616FCBD00607803 /* HelpViewController.h */ = {isa = PBXFileReference; fileEncoding = 4; lastKnownFileType = sourcecode.c.h; path = HelpViewController.h; sourceTree = "<group>"; };
		028DB3BD1616FCBD00607803 /* HelpViewController.m */ = {isa = PBXFileReference; fileEncoding = 4; lastKnownFileType = sourcecode.c.objc; path = HelpViewController.m; sourceTree = "<group>"; };
		028DB3BE1616FCBD00607803 /* HelpViewController.xib */ = {isa = PBXFileReference; fileEncoding = 4; lastKnownFileType = file.xib; path = HelpViewController.xib; sourceTree = "<group>"; };
		02A299311616A26300B9E221 /* top@2x.png */ = {isa = PBXFileReference; lastKnownFileType = image.png; name = "top@2x.png"; path = "../top@2x.png"; sourceTree = "<group>"; };
		02A299321616A26300B9E221 /* top.png */ = {isa = PBXFileReference; lastKnownFileType = image.png; name = top.png; path = ../top.png; sourceTree = "<group>"; };
		02A299331616A26300B9E221 /* bi1@2x.png */ = {isa = PBXFileReference; lastKnownFileType = image.png; name = "bi1@2x.png"; path = "../bi1@2x.png"; sourceTree = "<group>"; };
		02A299341616A26300B9E221 /* bi1.png */ = {isa = PBXFileReference; lastKnownFileType = image.png; name = bi1.png; path = ../bi1.png; sourceTree = "<group>"; };
		02A2993A1616A29000B9E221 /* bi2.png */ = {isa = PBXFileReference; lastKnownFileType = image.png; name = bi2.png; path = ../bi2.png; sourceTree = "<group>"; };
		02A2993B1616A29000B9E221 /* bi2@2x.png */ = {isa = PBXFileReference; lastKnownFileType = image.png; name = "bi2@2x.png"; path = "../bi2@2x.png"; sourceTree = "<group>"; };
		02A2993E1616A50E00B9E221 /* bi3@2x.png */ = {isa = PBXFileReference; lastKnownFileType = image.png; path = "bi3@2x.png"; sourceTree = "<group>"; };
		02A2993F1616A50E00B9E221 /* bi3.png */ = {isa = PBXFileReference; lastKnownFileType = image.png; path = bi3.png; sourceTree = "<group>"; };
		02A299401616A50E00B9E221 /* fanhui@2x.png */ = {isa = PBXFileReference; lastKnownFileType = image.png; path = "fanhui@2x.png"; sourceTree = "<group>"; };
		02A299411616A50E00B9E221 /* fanhui.png */ = {isa = PBXFileReference; lastKnownFileType = image.png; path = fanhui.png; sourceTree = "<group>"; };
		02A299481616DC3100B9E221 /* map6.png */ = {isa = PBXFileReference; lastKnownFileType = image.png; path = map6.png; sourceTree = "<group>"; };
		CE22CC0915F44F38005225E5 /* BIMapViewController.h */ = {isa = PBXFileReference; fileEncoding = 4; lastKnownFileType = sourcecode.c.h; path = BIMapViewController.h; sourceTree = "<group>"; };
		CE22CC0A15F44F38005225E5 /* BIMapViewController.m */ = {isa = PBXFileReference; fileEncoding = 4; lastKnownFileType = sourcecode.c.objc; path = BIMapViewController.m; sourceTree = "<group>"; };
		CE5DCEAD1635453A00405361 /* ISSFramework.framework */ = {isa = PBXFileReference; lastKnownFileType = wrapper.framework; name = ISSFramework.framework; path = "../../../Library/Developer/Xcode/DerivedData/ISSFramework-cxylocjgldfqppfuxovwokhcrufe/Build/Products/Debug-iphonesimulator/ISSFramework.framework"; sourceTree = "<group>"; };
		CE5DCEAF1635454900405361 /* MediaPlayer.framework */ = {isa = PBXFileReference; lastKnownFileType = wrapper.framework; name = MediaPlayer.framework; path = System/Library/Frameworks/MediaPlayer.framework; sourceTree = SDKROOT; };
		CE5DCEB01635454900405361 /* AudioToolbox.framework */ = {isa = PBXFileReference; lastKnownFileType = wrapper.framework; name = AudioToolbox.framework; path = System/Library/Frameworks/AudioToolbox.framework; sourceTree = SDKROOT; };
		CE5DCEB11635454900405361 /* MessageUI.framework */ = {isa = PBXFileReference; lastKnownFileType = wrapper.framework; name = MessageUI.framework; path = System/Library/Frameworks/MessageUI.framework; sourceTree = SDKROOT; };
		CE5DCEB21635454900405361 /* CoreData.framework */ = {isa = PBXFileReference; lastKnownFileType = wrapper.framework; name = CoreData.framework; path = System/Library/Frameworks/CoreData.framework; sourceTree = SDKROOT; };
		CE5DCEB31635454900405361 /* CoreLocation.framework */ = {isa = PBXFileReference; lastKnownFileType = wrapper.framework; name = CoreLocation.framework; path = System/Library/Frameworks/CoreLocation.framework; sourceTree = SDKROOT; };
		CE84505815F1015E00FD89D7 /* icon.png */ = {isa = PBXFileReference; lastKnownFileType = image.png; path = icon.png; sourceTree = "<group>"; };
		CE85B0B915EF176D000083C4 /* MainViewController.h */ = {isa = PBXFileReference; fileEncoding = 4; lastKnownFileType = sourcecode.c.h; name = MainViewController.h; path = ../MainViewController.h; sourceTree = "<group>"; };
		CE85B0BA15EF176D000083C4 /* MainViewController.m */ = {isa = PBXFileReference; fileEncoding = 4; lastKnownFileType = sourcecode.c.objc; name = MainViewController.m; path = ../MainViewController.m; sourceTree = "<group>"; };
		CE8805DA16174D26005E2BAA /* eg1.jpg */ = {isa = PBXFileReference; lastKnownFileType = image.jpeg; path = eg1.jpg; sourceTree = "<group>"; };
		CE8805DB16174D26005E2BAA /* eg2.jpg */ = {isa = PBXFileReference; lastKnownFileType = image.jpeg; path = eg2.jpg; sourceTree = "<group>"; };
		CEB8536415EB42480009979A /* BIChart.app */ = {isa = PBXFileReference; explicitFileType = wrapper.application; includeInIndex = 0; path = BIChart.app; sourceTree = BUILT_PRODUCTS_DIR; };
		CEB8536815EB42480009979A /* UIKit.framework */ = {isa = PBXFileReference; lastKnownFileType = wrapper.framework; name = UIKit.framework; path = System/Library/Frameworks/UIKit.framework; sourceTree = SDKROOT; };
		CEB8536A15EB42480009979A /* Foundation.framework */ = {isa = PBXFileReference; lastKnownFileType = wrapper.framework; name = Foundation.framework; path = System/Library/Frameworks/Foundation.framework; sourceTree = SDKROOT; };
		CEB8536C15EB42480009979A /* CoreGraphics.framework */ = {isa = PBXFileReference; lastKnownFileType = wrapper.framework; name = CoreGraphics.framework; path = System/Library/Frameworks/CoreGraphics.framework; sourceTree = SDKROOT; };
		CEB8537015EB42480009979A /* BIChart-Info.plist */ = {isa = PBXFileReference; lastKnownFileType = text.plist.xml; path = "BIChart-Info.plist"; sourceTree = "<group>"; };
		CEB8537215EB42480009979A /* en */ = {isa = PBXFileReference; lastKnownFileType = text.plist.strings; name = en; path = en.lproj/InfoPlist.strings; sourceTree = "<group>"; };
		CEB8537415EB42480009979A /* main.m */ = {isa = PBXFileReference; lastKnownFileType = sourcecode.c.objc; path = main.m; sourceTree = "<group>"; };
		CEB8537615EB42480009979A /* BIChart-Prefix.pch */ = {isa = PBXFileReference; lastKnownFileType = sourcecode.c.h; path = "BIChart-Prefix.pch"; sourceTree = "<group>"; };
		CEB8537715EB42480009979A /* AppDelegate.h */ = {isa = PBXFileReference; lastKnownFileType = sourcecode.c.h; path = AppDelegate.h; sourceTree = "<group>"; };
		CEB8537815EB42480009979A /* AppDelegate.m */ = {isa = PBXFileReference; lastKnownFileType = sourcecode.c.objc; path = AppDelegate.m; sourceTree = "<group>"; };
		CEB8537B15EB42480009979A /* en */ = {isa = PBXFileReference; lastKnownFileType = file.storyboard; name = en; path = en.lproj/MainStoryboard.storyboard; sourceTree = "<group>"; };
		CEB8538A15EB42800009979A /* QuartzCore.framework */ = {isa = PBXFileReference; lastKnownFileType = wrapper.framework; name = QuartzCore.framework; path = System/Library/Frameworks/QuartzCore.framework; sourceTree = SDKROOT; };
		CEB8539D15EB44280009979A /* BITableChartViewController.h */ = {isa = PBXFileReference; fileEncoding = 4; lastKnownFileType = sourcecode.c.h; path = BITableChartViewController.h; sourceTree = "<group>"; };
		CEB8539E15EB44280009979A /* BITableChartViewController.m */ = {isa = PBXFileReference; fileEncoding = 4; lastKnownFileType = sourcecode.c.objc; path = BITableChartViewController.m; sourceTree = "<group>"; };
		CEB853FF15EB54EF0009979A /* ImageIO.framework */ = {isa = PBXFileReference; lastKnownFileType = wrapper.framework; name = ImageIO.framework; path = System/Library/Frameworks/ImageIO.framework; sourceTree = SDKROOT; };
		CEB8540015EB54EF0009979A /* MapKit.framework */ = {isa = PBXFileReference; lastKnownFileType = wrapper.framework; name = MapKit.framework; path = System/Library/Frameworks/MapKit.framework; sourceTree = SDKROOT; };
		CEB8540115EB54EF0009979A /* MobileCoreServices.framework */ = {isa = PBXFileReference; lastKnownFileType = wrapper.framework; name = MobileCoreServices.framework; path = System/Library/Frameworks/MobileCoreServices.framework; sourceTree = SDKROOT; };
		CEB8540215EB54EF0009979A /* CFNetwork.framework */ = {isa = PBXFileReference; lastKnownFileType = wrapper.framework; name = CFNetwork.framework; path = System/Library/Frameworks/CFNetwork.framework; sourceTree = SDKROOT; };
		CEB8540315EB54EF0009979A /* libz.dylib */ = {isa = PBXFileReference; lastKnownFileType = "compiled.mach-o.dylib"; name = libz.dylib; path = usr/lib/libz.dylib; sourceTree = SDKROOT; };
		CEB8540415EB54EF0009979A /* libxml2.dylib */ = {isa = PBXFileReference; lastKnownFileType = "compiled.mach-o.dylib"; name = libxml2.dylib; path = usr/lib/libxml2.dylib; sourceTree = SDKROOT; };
		CEB8540515EB54EF0009979A /* MediaPlayer.framework */ = {isa = PBXFileReference; lastKnownFileType = wrapper.framework; name = MediaPlayer.framework; path = System/Library/Frameworks/MediaPlayer.framework; sourceTree = SDKROOT; };
		CEB8540615EB54EF0009979A /* AudioToolbox.framework */ = {isa = PBXFileReference; lastKnownFileType = wrapper.framework; name = AudioToolbox.framework; path = System/Library/Frameworks/AudioToolbox.framework; sourceTree = SDKROOT; };
		CEB8540715EB54F00009979A /* MessageUI.framework */ = {isa = PBXFileReference; lastKnownFileType = wrapper.framework; name = MessageUI.framework; path = System/Library/Frameworks/MessageUI.framework; sourceTree = SDKROOT; };
		CEB8540815EB54F00009979A /* SystemConfiguration.framework */ = {isa = PBXFileReference; lastKnownFileType = wrapper.framework; name = SystemConfiguration.framework; path = System/Library/Frameworks/SystemConfiguration.framework; sourceTree = SDKROOT; };
		CEB8540A15EB54F00009979A /* libsqlite3.dylib */ = {isa = PBXFileReference; lastKnownFileType = "compiled.mach-o.dylib"; name = libsqlite3.dylib; path = usr/lib/libsqlite3.dylib; sourceTree = SDKROOT; };
/* End PBXFileReference section */

/* Begin PBXFrameworksBuildPhase section */
		CEB8536115EB42480009979A /* Frameworks */ = {
			isa = PBXFrameworksBuildPhase;
			buildActionMask = 2147483647;
			files = (
				CEB8536915EB42480009979A /* UIKit.framework in Frameworks */,
				CEB8536B15EB42480009979A /* Foundation.framework in Frameworks */,
				CEB8536D15EB42480009979A /* CoreGraphics.framework in Frameworks */,
				CEB8539515EB42800009979A /* QuartzCore.framework in Frameworks */,
				CEB8540B15EB54F00009979A /* ImageIO.framework in Frameworks */,
				CEB8540C15EB54F00009979A /* MapKit.framework in Frameworks */,
				CEB8540D15EB54F00009979A /* MobileCoreServices.framework in Frameworks */,
				CEB8540E15EB54F00009979A /* CFNetwork.framework in Frameworks */,
				CEB8540F15EB54F00009979A /* libz.dylib in Frameworks */,
				CEB8541015EB54F00009979A /* libxml2.dylib in Frameworks */,
				CEB8541115EB54F00009979A /* MediaPlayer.framework in Frameworks */,
				CEB8541215EB54F00009979A /* AudioToolbox.framework in Frameworks */,
				CEB8541315EB54F00009979A /* MessageUI.framework in Frameworks */,
				CEB8541415EB54F00009979A /* SystemConfiguration.framework in Frameworks */,
				CEB8541615EB54F00009979A /* libsqlite3.dylib in Frameworks */,
				CE5DCEAE1635453A00405361 /* ISSFramework.framework in Frameworks */,
				CE5DCEB41635454900405361 /* MediaPlayer.framework in Frameworks */,
				CE5DCEB51635454900405361 /* AudioToolbox.framework in Frameworks */,
				CE5DCEB61635454900405361 /* MessageUI.framework in Frameworks */,
				CE5DCEB71635454900405361 /* CoreData.framework in Frameworks */,
				CE5DCEB81635454900405361 /* CoreLocation.framework in Frameworks */,
			);
			runOnlyForDeploymentPostprocessing = 0;
		};
/* End PBXFrameworksBuildPhase section */

/* Begin PBXGroup section */
		024CAB10160843CF00A7F2B6 /* ipadMap */ = {
			isa = PBXGroup;
			children = (
				024CAB11160843CF00A7F2B6 /* map1.png */,
				02A299481616DC3100B9E221 /* map6.png */,
				02A2993E1616A50E00B9E221 /* bi3@2x.png */,
				02A2993F1616A50E00B9E221 /* bi3.png */,
				02A299401616A50E00B9E221 /* fanhui@2x.png */,
				02A299411616A50E00B9E221 /* fanhui.png */,
				024B1614161037AE00CD310B /* close.png */,
				024B1615161037AE00CD310B /* close@2x.png */,
				024CAB12160843CF00A7F2B6 /* map1_1.PNG */,
				02A299311616A26300B9E221 /* top@2x.png */,
				02A299321616A26300B9E221 /* top.png */,
				02A299331616A26300B9E221 /* bi1@2x.png */,
				02A2993A1616A29000B9E221 /* bi2.png */,
				02A2993B1616A29000B9E221 /* bi2@2x.png */,
				02A299341616A26300B9E221 /* bi1.png */,
				024CAB13160843CF00A7F2B6 /* map1_2.PNG */,
				024CAB14160843CF00A7F2B6 /* map2.png */,
				024CAB15160843CF00A7F2B6 /* map2_1.PNG */,
				024CAB16160843CF00A7F2B6 /* map2_2.PNG */,
				024CAB17160843CF00A7F2B6 /* map2_3.PNG */,
				024CAB18160843CF00A7F2B6 /* map3.png */,
				024CAB19160843CF00A7F2B6 /* map3_1.PNG */,
				024CAB1A160843CF00A7F2B6 /* map3_2.PNG */,
				024CAB1B160843CF00A7F2B6 /* map3_3.PNG */,
				024CAB1C160843CF00A7F2B6 /* map4.png */,
				024CAB1D160843CF00A7F2B6 /* map4_1.png */,
				024CAB1E160843CF00A7F2B6 /* map4_2.png */,
				024CAB1F160843CF00A7F2B6 /* map5.png */,
			);
			name = ipadMap;
			path = ../ipadMap;
			sourceTree = "<group>";
		};
		CE22CC0615F44F13005225E5 /* Demo1 */ = {
			isa = PBXGroup;
			children = (
				CEB8539D15EB44280009979A /* BITableChartViewController.h */,
				CEB8539E15EB44280009979A /* BITableChartViewController.m */,
			);
			name = Demo1;
			sourceTree = "<group>";
		};
		CE22CC0815F44F1E005225E5 /* Demo2 */ = {
			isa = PBXGroup;
			children = (
				CE22CC0915F44F38005225E5 /* BIMapViewController.h */,
				CE22CC0A15F44F38005225E5 /* BIMapViewController.m */,
			);
			name = Demo2;
			sourceTree = "<group>";
		};
		CE876D9F15F0A1E300E2D7E8 /* Resources */ = {
			isa = PBXGroup;
			children = (
				CE876DA115F0A1E800E2D7E8 /* Images */,
			);
			name = Resources;
			sourceTree = "<group>";
		};
		CE876DA115F0A1E800E2D7E8 /* Images */ = {
			isa = PBXGroup;
			children = (
				024CAB10160843CF00A7F2B6 /* ipadMap */,
				CE8805DA16174D26005E2BAA /* eg1.jpg */,
				CE8805DB16174D26005E2BAA /* eg2.jpg */,
				CE84505815F1015E00FD89D7 /* icon.png */,
			);
			name = Images;
			sourceTree = "<group>";
		};
		CEB8535915EB42480009979A = {
			isa = PBXGroup;
			children = (
				CEB8536E15EB42480009979A /* BIChart */,
				CEB8536715EB42480009979A /* Frameworks */,
				CEB8536515EB42480009979A /* Products */,
			);
			sourceTree = "<group>";
		};
		CEB8536515EB42480009979A /* Products */ = {
			isa = PBXGroup;
			children = (
				CEB8536415EB42480009979A /* BIChart.app */,
			);
			name = Products;
			sourceTree = "<group>";
		};
		CEB8536715EB42480009979A /* Frameworks */ = {
			isa = PBXGroup;
			children = (
				CE5DCEAD1635453A00405361 /* ISSFramework.framework */,
				CE5DCEAF1635454900405361 /* MediaPlayer.framework */,
				CE5DCEB01635454900405361 /* AudioToolbox.framework */,
				CE5DCEB11635454900405361 /* MessageUI.framework */,
				CE5DCEB21635454900405361 /* CoreData.framework */,
				CE5DCEB31635454900405361 /* CoreLocation.framework */,
				CEB853FF15EB54EF0009979A /* ImageIO.framework */,
				CEB8540015EB54EF0009979A /* MapKit.framework */,
				CEB8540115EB54EF0009979A /* MobileCoreServices.framework */,
				CEB8540215EB54EF0009979A /* CFNetwork.framework */,
				CEB8540315EB54EF0009979A /* libz.dylib */,
				CEB8540415EB54EF0009979A /* libxml2.dylib */,
				CEB8540515EB54EF0009979A /* MediaPlayer.framework */,
				CEB8540615EB54EF0009979A /* AudioToolbox.framework */,
				CEB8540715EB54F00009979A /* MessageUI.framework */,
				CEB8540815EB54F00009979A /* SystemConfiguration.framework */,
				CEB8540A15EB54F00009979A /* libsqlite3.dylib */,
				CEB8538A15EB42800009979A /* QuartzCore.framework */,
				CEB8536815EB42480009979A /* UIKit.framework */,
				CEB8536A15EB42480009979A /* Foundation.framework */,
				CEB8536C15EB42480009979A /* CoreGraphics.framework */,
			);
			name = Frameworks;
			sourceTree = "<group>";
		};
		CEB8536E15EB42480009979A /* BIChart */ = {
			isa = PBXGroup;
			children = (
				CEB8539C15EB43570009979A /* Configs */,
				CEB8539B15EB434F0009979A /* Controllers */,
				CEB8537715EB42480009979A /* AppDelegate.h */,
				CEB8537815EB42480009979A /* AppDelegate.m */,
				CEB8537A15EB42480009979A /* MainStoryboard.storyboard */,
				CEB8536F15EB42480009979A /* Supporting Files */,
				028DB3BC1616FCBD00607803 /* HelpViewController.h */,
				028DB3BD1616FCBD00607803 /* HelpViewController.m */,
				028DB3BE1616FCBD00607803 /* HelpViewController.xib */,
			);
			path = BIChart;
			sourceTree = "<group>";
		};
		CEB8536F15EB42480009979A /* Supporting Files */ = {
			isa = PBXGroup;
			children = (
				CE876D9F15F0A1E300E2D7E8 /* Resources */,
				CEB8537015EB42480009979A /* BIChart-Info.plist */,
				CEB8537115EB42480009979A /* InfoPlist.strings */,
				CEB8537415EB42480009979A /* main.m */,
				CEB8537615EB42480009979A /* BIChart-Prefix.pch */,
			);
			name = "Supporting Files";
			sourceTree = "<group>";
		};
		CEB8539B15EB434F0009979A /* Controllers */ = {
			isa = PBXGroup;
			children = (
				CE22CC0615F44F13005225E5 /* Demo1 */,
				CE22CC0815F44F1E005225E5 /* Demo2 */,
				CE85B0B915EF176D000083C4 /* MainViewController.h */,
				CE85B0BA15EF176D000083C4 /* MainViewController.m */,
			);
			name = Controllers;
			sourceTree = "<group>";
		};
		CEB8539C15EB43570009979A /* Configs */ = {
			isa = PBXGroup;
			children = (
			);
			name = Configs;
			sourceTree = "<group>";
		};
/* End PBXGroup section */

/* Begin PBXNativeTarget section */
		CEB8536315EB42480009979A /* BIChart */ = {
			isa = PBXNativeTarget;
			buildConfigurationList = CEB8538215EB42480009979A /* Build configuration list for PBXNativeTarget "BIChart" */;
			buildPhases = (
				CEB8536015EB42480009979A /* Sources */,
				CEB8536115EB42480009979A /* Frameworks */,
				CEB8536215EB42480009979A /* Resources */,
			);
			buildRules = (
			);
			dependencies = (
			);
			name = BIChart;
			productName = BIChart;
			productReference = CEB8536415EB42480009979A /* BIChart.app */;
			productType = "com.apple.product-type.application";
		};
/* End PBXNativeTarget section */

/* Begin PBXProject section */
		CEB8535B15EB42480009979A /* Project object */ = {
			isa = PBXProject;
			attributes = {
				LastUpgradeCheck = 0440;
				ORGANIZATIONNAME = "Wei Mao";
			};
			buildConfigurationList = CEB8535E15EB42480009979A /* Build configuration list for PBXProject "BIChart" */;
			compatibilityVersion = "Xcode 3.2";
			developmentRegion = English;
			hasScannedForEncodings = 0;
			knownRegions = (
				en,
			);
			mainGroup = CEB8535915EB42480009979A;
			productRefGroup = CEB8536515EB42480009979A /* Products */;
			projectDirPath = "";
			projectRoot = "";
			targets = (
				CEB8536315EB42480009979A /* BIChart */,
			);
		};
/* End PBXProject section */

/* Begin PBXResourcesBuildPhase section */
		CEB8536215EB42480009979A /* Resources */ = {
			isa = PBXResourcesBuildPhase;
			buildActionMask = 2147483647;
			files = (
				CEB8537315EB42480009979A /* InfoPlist.strings in Resources */,
				CEB8537C15EB42480009979A /* MainStoryboard.storyboard in Resources */,
				CE84505915F1015E00FD89D7 /* icon.png in Resources */,
				024CAB20160843CF00A7F2B6 /* map1.png in Resources */,
				024CAB21160843CF00A7F2B6 /* map1_1.PNG in Resources */,
				024CAB22160843CF00A7F2B6 /* map1_2.PNG in Resources */,
				024CAB23160843CF00A7F2B6 /* map2.png in Resources */,
				024CAB24160843CF00A7F2B6 /* map2_1.PNG in Resources */,
				024CAB25160843CF00A7F2B6 /* map2_2.PNG in Resources */,
				024CAB26160843CF00A7F2B6 /* map2_3.PNG in Resources */,
				024CAB27160843CF00A7F2B6 /* map3.png in Resources */,
				024CAB28160843CF00A7F2B6 /* map3_1.PNG in Resources */,
				024CAB29160843CF00A7F2B6 /* map3_2.PNG in Resources */,
				024CAB2A160843CF00A7F2B6 /* map3_3.PNG in Resources */,
				024CAB2B160843CF00A7F2B6 /* map4.png in Resources */,
				024CAB2C160843CF00A7F2B6 /* map4_1.png in Resources */,
				024CAB2D160843CF00A7F2B6 /* map4_2.png in Resources */,
				024CAB2E160843CF00A7F2B6 /* map5.png in Resources */,
				024B1616161037AE00CD310B /* close.png in Resources */,
				024B1617161037AE00CD310B /* close@2x.png in Resources */,
				02A299351616A26300B9E221 /* top@2x.png in Resources */,
				02A299361616A26300B9E221 /* top.png in Resources */,
				02A299371616A26300B9E221 /* bi1@2x.png in Resources */,
				02A299381616A26300B9E221 /* bi1.png in Resources */,
				02A2993C1616A29000B9E221 /* bi2.png in Resources */,
				02A2993D1616A29000B9E221 /* bi2@2x.png in Resources */,
				02A299421616A50E00B9E221 /* bi3@2x.png in Resources */,
				02A299431616A50E00B9E221 /* bi3.png in Resources */,
				02A299441616A50E00B9E221 /* fanhui@2x.png in Resources */,
				02A299451616A50E00B9E221 /* fanhui.png in Resources */,
				02A299491616DC3100B9E221 /* map6.png in Resources */,
				028DB3C01616FCBD00607803 /* HelpViewController.xib in Resources */,
				CE8805DC16174D26005E2BAA /* eg1.jpg in Resources */,
				CE8805DD16174D26005E2BAA /* eg2.jpg in Resources */,
			);
			runOnlyForDeploymentPostprocessing = 0;
		};
/* End PBXResourcesBuildPhase section */

/* Begin PBXSourcesBuildPhase section */
		CEB8536015EB42480009979A /* Sources */ = {
			isa = PBXSourcesBuildPhase;
			buildActionMask = 2147483647;
			files = (
				CEB8537515EB42480009979A /* main.m in Sources */,
				CEB8537915EB42480009979A /* AppDelegate.m in Sources */,
				CEB8539F15EB44280009979A /* BITableChartViewController.m in Sources */,
				CE85B0BB15EF176D000083C4 /* MainViewController.m in Sources */,
				CE22CC0B15F44F38005225E5 /* BIMapViewController.m in Sources */,
				028DB3BF1616FCBD00607803 /* HelpViewController.m in Sources */,
			);
			runOnlyForDeploymentPostprocessing = 0;
		};
/* End PBXSourcesBuildPhase section */

/* Begin PBXVariantGroup section */
		CEB8537115EB42480009979A /* InfoPlist.strings */ = {
			isa = PBXVariantGroup;
			children = (
				CEB8537215EB42480009979A /* en */,
			);
			name = InfoPlist.strings;
			sourceTree = "<group>";
		};
		CEB8537A15EB42480009979A /* MainStoryboard.storyboard */ = {
			isa = PBXVariantGroup;
			children = (
				CEB8537B15EB42480009979A /* en */,
			);
			name = MainStoryboard.storyboard;
			sourceTree = "<group>";
		};
/* End PBXVariantGroup section */

/* Begin XCBuildConfiguration section */
		CEB8538015EB42480009979A /* Debug */ = {
			isa = XCBuildConfiguration;
			buildSettings = {
				ALWAYS_SEARCH_USER_PATHS = NO;
				ARCHS = "$(ARCHS_STANDARD_32_BIT)";
				CLANG_CXX_LANGUAGE_STANDARD = "gnu++0x";
				CLANG_ENABLE_OBJC_ARC = YES;
				CLANG_WARN__DUPLICATE_METHOD_MATCH = YES;
				CODE_SIGN_IDENTITY = "iPhone Developer: Fan Shi (47EC46D46Q)";
				"CODE_SIGN_IDENTITY[sdk=iphoneos*]" = "iPhone Developer: Fan Shi (47EC46D46Q)";
				COPY_PHASE_STRIP = NO;
				GCC_C_LANGUAGE_STANDARD = gnu99;
				GCC_DYNAMIC_NO_PIC = NO;
				GCC_OPTIMIZATION_LEVEL = 0;
				GCC_PREPROCESSOR_DEFINITIONS = (
					"DEBUG=1",
					"$(inherited)",
				);
				GCC_SYMBOLS_PRIVATE_EXTERN = NO;
				GCC_VERSION = com.apple.compilers.llvm.clang.1_0;
				GCC_WARN_ABOUT_RETURN_TYPE = YES;
				GCC_WARN_UNINITIALIZED_AUTOS = YES;
				GCC_WARN_UNUSED_VARIABLE = YES;
				IPHONEOS_DEPLOYMENT_TARGET = 5.1;
				PROVISIONING_PROFILE = "FCD88690-7185-4BA1-B401-195CF0E5B096";
				"PROVISIONING_PROFILE[sdk=iphoneos*]" = "FCD88690-7185-4BA1-B401-195CF0E5B096";
				SDKROOT = iphoneos;
				TARGETED_DEVICE_FAMILY = 2;
			};
			name = Debug;
		};
		CEB8538115EB42480009979A /* Release */ = {
			isa = XCBuildConfiguration;
			buildSettings = {
				ALWAYS_SEARCH_USER_PATHS = NO;
				ARCHS = "$(ARCHS_STANDARD_32_BIT)";
				CLANG_CXX_LANGUAGE_STANDARD = "gnu++0x";
				CLANG_ENABLE_OBJC_ARC = YES;
				CLANG_WARN__DUPLICATE_METHOD_MATCH = YES;
				CODE_SIGN_IDENTITY = "iPhone Developer: Fan Shi (47EC46D46Q)";
				"CODE_SIGN_IDENTITY[sdk=iphoneos*]" = "iPhone Developer: Fan Shi (47EC46D46Q)";
				COPY_PHASE_STRIP = YES;
				GCC_C_LANGUAGE_STANDARD = gnu99;
				GCC_VERSION = com.apple.compilers.llvm.clang.1_0;
				GCC_WARN_ABOUT_RETURN_TYPE = YES;
				GCC_WARN_UNINITIALIZED_AUTOS = YES;
				GCC_WARN_UNUSED_VARIABLE = YES;
				IPHONEOS_DEPLOYMENT_TARGET = 5.1;
				OTHER_CFLAGS = "-DNS_BLOCK_ASSERTIONS=1";
				PROVISIONING_PROFILE = "FCD88690-7185-4BA1-B401-195CF0E5B096";
				"PROVISIONING_PROFILE[sdk=iphoneos*]" = "FCD88690-7185-4BA1-B401-195CF0E5B096";
				SDKROOT = iphoneos;
				TARGETED_DEVICE_FAMILY = 2;
				VALIDATE_PRODUCT = YES;
			};
			name = Release;
		};
		CEB8538315EB42480009979A /* Debug */ = {
			isa = XCBuildConfiguration;
			buildSettings = {
				CODE_SIGN_IDENTITY = "iPhone Developer: Fan Shi (47EC46D46Q)";
				"CODE_SIGN_IDENTITY[sdk=iphoneos*]" = "iPhone Developer: Fan Shi (47EC46D46Q)";
				FRAMEWORK_SEARCH_PATHS = (
					"$(inherited)",
					"\"$(SRCROOT)/../../../Library/Developer/Xcode/DerivedData/CdtsFramework-fwivomcsvevahugfyzissitzsaxn/Build/Products/Release-iphoneos\"",
					"\"$(SRCROOT)\"",
					"\"$(SRCROOT)/../../Desktop\"",
					"\"$(SRCROOT)/../../../Library/Developer/Xcode/DerivedData/ISSFramework-cxylocjgldfqppfuxovwokhcrufe/Build/Products/Debug-iphonesimulator\"",
				);
				GCC_PRECOMPILE_PREFIX_HEADER = YES;
				GCC_PREFIX_HEADER = "BIChart/BIChart-Prefix.pch";
				INFOPLIST_FILE = "BIChart/BIChart-Info.plist";
				LIBRARY_SEARCH_PATHS = (
					"$(inherited)",
					"\"$(SRCROOT)/../../Library/CorePlot_1.0/Binaries/iOS\"",
					"\"$(SRCROOT)/../../Library/CorePlot_1.0 new/Binaries/iOS\"",
					"\"$(SRCROOT)\"",
					"\"$(SRCROOT)/CorePlot_lib\"",
				);
				"OTHER_LDFLAGS[arch=*]" = "-ObjC";
				PRODUCT_NAME = "$(TARGET_NAME)";
				PROVISIONING_PROFILE = "1E1BED4C-60EA-43A1-8DA7-0787E01C0C8B";
				"PROVISIONING_PROFILE[sdk=iphoneos*]" = "1E1BED4C-60EA-43A1-8DA7-0787E01C0C8B";
				VALID_ARCHS = "";
				"VALID_ARCHS[sdk=*]" = armv7;
				WRAPPER_EXTENSION = app;
			};
			name = Debug;
		};
		CEB8538415EB42480009979A /* Release */ = {
			isa = XCBuildConfiguration;
			buildSettings = {
				CODE_SIGN_IDENTITY = "iPhone Developer: Fan Shi (47EC46D46Q)";
				"CODE_SIGN_IDENTITY[sdk=iphoneos*]" = "iPhone Developer: Fan Shi (47EC46D46Q)";
				FRAMEWORK_SEARCH_PATHS = (
					"$(inherited)",
					"\"$(SRCROOT)/../../../Library/Developer/Xcode/DerivedData/CdtsFramework-fwivomcsvevahugfyzissitzsaxn/Build/Products/Release-iphoneos\"",
					"\"$(SRCROOT)\"",
					"\"$(SRCROOT)/../../Desktop\"",
					"\"$(SRCROOT)/../../../Library/Developer/Xcode/DerivedData/ISSFramework-cxylocjgldfqppfuxovwokhcrufe/Build/Products/Debug-iphonesimulator\"",
				);
				GCC_PRECOMPILE_PREFIX_HEADER = YES;
				GCC_PREFIX_HEADER = "BIChart/BIChart-Prefix.pch";
				INFOPLIST_FILE = "BIChart/BIChart-Info.plist";
				LIBRARY_SEARCH_PATHS = (
					"$(inherited)",
					"\"$(SRCROOT)/../../Library/CorePlot_1.0/Binaries/iOS\"",
					"\"$(SRCROOT)/../../Library/CorePlot_1.0 new/Binaries/iOS\"",
					"\"$(SRCROOT)\"",
					"\"$(SRCROOT)/CorePlot_lib\"",
				);
				"OTHER_LDFLAGS[arch=*]" = "-ObjC";
				PRODUCT_NAME = "$(TARGET_NAME)";
				PROVISIONING_PROFILE = "1E1BED4C-60EA-43A1-8DA7-0787E01C0C8B";
				"PROVISIONING_PROFILE[sdk=iphoneos*]" = "1E1BED4C-60EA-43A1-8DA7-0787E01C0C8B";
				VALID_ARCHS = "";
				"VALID_ARCHS[sdk=*]" = armv7;
				WRAPPER_EXTENSION = app;
			};
			name = Release;
		};
/* End XCBuildConfiguration section */

/* Begin XCConfigurationList section */
		CEB8535E15EB42480009979A /* Build configuration list for PBXProject "BIChart" */ = {
			isa = XCConfigurationList;
			buildConfigurations = (
				CEB8538015EB42480009979A /* Debug */,
				CEB8538115EB42480009979A /* Release */,
			);
			defaultConfigurationIsVisible = 0;
			defaultConfigurationName = Release;
		};
		CEB8538215EB42480009979A /* Build configuration list for PBXNativeTarget "BIChart" */ = {
			isa = XCConfigurationList;
			buildConfigurations = (
				CEB8538315EB42480009979A /* Debug */,
				CEB8538415EB42480009979A /* Release */,
			);
			defaultConfigurationIsVisible = 0;
			defaultConfigurationName = Release;
		};
/* End XCConfigurationList section */
	};
	rootObject = CEB8535B15EB42480009979A /* Project object */;
}
