// !$*UTF8*$!
{
	archiveVersion = 1;
	classes = {
	};
	objectVersion = 46;
	objects = {

/* Begin PBXBuildFile section */
		CE84505915F1015E00FD89D7 /* icon.png in Resources */ = {isa = PBXBuildFile; fileRef = CE84505815F1015E00FD89D7 /* icon.png */; };
		CE90C2E11637D36E00EA857F /* LoginViewController.m in Sources */ = {isa = PBXBuildFile; fileRef = CE90C2DE1637D36E00EA857F /* LoginViewController.m */; };
		CE90C2E21637D36E00EA857F /* GalaryViewController.m in Sources */ = {isa = PBXBuildFile; fileRef = CE90C2E01637D36E00EA857F /* GalaryViewController.m */; };
		CE90C2E61637D45600EA857F /* BarBaseViewController.m in Sources */ = {isa = PBXBuildFile; fileRef = CE90C2E51637D45600EA857F /* BarBaseViewController.m */; };
		CE90C2E91637D52200EA857F /* BarHorizontalViewController.m in Sources */ = {isa = PBXBuildFile; fileRef = CE90C2E81637D52200EA857F /* BarHorizontalViewController.m */; };
		CEB8536915EB42480009979A /* UIKit.framework in Frameworks */ = {isa = PBXBuildFile; fileRef = CEB8536815EB42480009979A /* UIKit.framework */; };
		CEB8536B15EB42480009979A /* Foundation.framework in Frameworks */ = {isa = PBXBuildFile; fileRef = CEB8536A15EB42480009979A /* Foundation.framework */; };
		CEB8536D15EB42480009979A /* CoreGraphics.framework in Frameworks */ = {isa = PBXBuildFile; fileRef = CEB8536C15EB42480009979A /* CoreGraphics.framework */; };
		CEB8537315EB42480009979A /* InfoPlist.strings in Resources */ = {isa = PBXBuildFile; fileRef = CEB8537115EB42480009979A /* InfoPlist.strings */; };
		CEB8537515EB42480009979A /* main.m in Sources */ = {isa = PBXBuildFile; fileRef = CEB8537415EB42480009979A /* main.m */; };
		CEB8537915EB42480009979A /* AppDelegate.m in Sources */ = {isa = PBXBuildFile; fileRef = CEB8537815EB42480009979A /* AppDelegate.m */; };
		CEB8537C15EB42480009979A /* MainStoryboard.storyboard in Resources */ = {isa = PBXBuildFile; fileRef = CEB8537A15EB42480009979A /* MainStoryboard.storyboard */; };
		CEB8539515EB42800009979A /* QuartzCore.framework in Frameworks */ = {isa = PBXBuildFile; fileRef = CEB8538A15EB42800009979A /* QuartzCore.framework */; };
/* End PBXBuildFile section */

/* Begin PBXContainerItemProxy section */
		CE90C2D21637D2E500EA857F /* PBXContainerItemProxy */ = {
			isa = PBXContainerItemProxy;
			containerPortal = CE90C2B91637D28E00EA857F /* ISSFramework.xcodeproj */;
			proxyType = 1;
			remoteGlobalIDString = CEF21886162FC8230097B750;
			remoteInfo = ISSFramework;
		};
/* End PBXContainerItemProxy section */

/* Begin PBXFileReference section */
		CE84505815F1015E00FD89D7 /* icon.png */ = {isa = PBXFileReference; lastKnownFileType = image.png; path = icon.png; sourceTree = "<group>"; };
		CE90C2B91637D28E00EA857F /* ISSFramework.xcodeproj */ = {isa = PBXFileReference; lastKnownFileType = "wrapper.pb-project"; name = ISSFramework.xcodeproj; path = ../ISSFrameWork/ISSFramework.xcodeproj; sourceTree = "<group>"; };
		CE90C2DD1637D36E00EA857F /* LoginViewController.h */ = {isa = PBXFileReference; fileEncoding = 4; lastKnownFileType = sourcecode.c.h; path = LoginViewController.h; sourceTree = "<group>"; };
		CE90C2DE1637D36E00EA857F /* LoginViewController.m */ = {isa = PBXFileReference; fileEncoding = 4; lastKnownFileType = sourcecode.c.objc; path = LoginViewController.m; sourceTree = "<group>"; };
		CE90C2DF1637D36E00EA857F /* GalaryViewController.h */ = {isa = PBXFileReference; fileEncoding = 4; lastKnownFileType = sourcecode.c.h; path = GalaryViewController.h; sourceTree = "<group>"; };
		CE90C2E01637D36E00EA857F /* GalaryViewController.m */ = {isa = PBXFileReference; fileEncoding = 4; lastKnownFileType = sourcecode.c.objc; path = GalaryViewController.m; sourceTree = "<group>"; };
		CE90C2E41637D45600EA857F /* BarBaseViewController.h */ = {isa = PBXFileReference; fileEncoding = 4; lastKnownFileType = sourcecode.c.h; path = BarBaseViewController.h; sourceTree = "<group>"; };
		CE90C2E51637D45600EA857F /* BarBaseViewController.m */ = {isa = PBXFileReference; fileEncoding = 4; lastKnownFileType = sourcecode.c.objc; path = BarBaseViewController.m; sourceTree = "<group>"; };
		CE90C2E71637D52200EA857F /* BarHorizontalViewController.h */ = {isa = PBXFileReference; fileEncoding = 4; lastKnownFileType = sourcecode.c.h; path = BarHorizontalViewController.h; sourceTree = "<group>"; };
		CE90C2E81637D52200EA857F /* BarHorizontalViewController.m */ = {isa = PBXFileReference; fileEncoding = 4; lastKnownFileType = sourcecode.c.objc; path = BarHorizontalViewController.m; sourceTree = "<group>"; };
		CEB8536415EB42480009979A /* BIChart.app */ = {isa = PBXFileReference; explicitFileType = wrapper.application; includeInIndex = 0; path = BIChart.app; sourceTree = BUILT_PRODUCTS_DIR; };
		CEB8536815EB42480009979A /* UIKit.framework */ = {isa = PBXFileReference; lastKnownFileType = wrapper.framework; name = UIKit.framework; path = System/Library/Frameworks/UIKit.framework; sourceTree = SDKROOT; };
		CEB8536A15EB42480009979A /* Foundation.framework */ = {isa = PBXFileReference; lastKnownFileType = wrapper.framework; name = Foundation.framework; path = System/Library/Frameworks/Foundation.framework; sourceTree = SDKROOT; };
		CEB8536C15EB42480009979A /* CoreGraphics.framework */ = {isa = PBXFileReference; lastKnownFileType = wrapper.framework; name = CoreGraphics.framework; path = System/Library/Frameworks/CoreGraphics.framework; sourceTree = SDKROOT; };
		CEB8537015EB42480009979A /* BIChart-Info.plist */ = {isa = PBXFileReference; lastKnownFileType = text.plist.xml; path = "BIChart-Info.plist"; sourceTree = "<group>"; };
		CEB8537215EB42480009979A /* en */ = {isa = PBXFileReference; lastKnownFileType = text.plist.strings; name = en; path = en.lproj/InfoPlist.strings; sourceTree = "<group>"; };
		CEB8537415EB42480009979A /* main.m */ = {isa = PBXFileReference; lastKnownFileType = sourcecode.c.objc; path = main.m; sourceTree = "<group>"; };
		CEB8537615EB42480009979A /* BIChart-Prefix.pch */ = {isa = PBXFileReference; lastKnownFileType = sourcecode.c.h; path = "BIChart-Prefix.pch"; sourceTree = "<group>"; };
		CEB8537715EB42480009979A /* AppDelegate.h */ = {isa = PBXFileReference; lastKnownFileType = sourcecode.c.h; path = AppDelegate.h; sourceTree = "<group>"; };
		CEB8537815EB42480009979A /* AppDelegate.m */ = {isa = PBXFileReference; lastKnownFileType = sourcecode.c.objc; path = AppDelegate.m; sourceTree = "<group>"; };
		CEB8537B15EB42480009979A /* en */ = {isa = PBXFileReference; lastKnownFileType = file.storyboard; name = en; path = en.lproj/MainStoryboard.storyboard; sourceTree = "<group>"; };
		CEB8538A15EB42800009979A /* QuartzCore.framework */ = {isa = PBXFileReference; lastKnownFileType = wrapper.framework; name = QuartzCore.framework; path = System/Library/Frameworks/QuartzCore.framework; sourceTree = SDKROOT; };
/* End PBXFileReference section */

/* Begin PBXFrameworksBuildPhase section */
		CEB8536115EB42480009979A /* Frameworks */ = {
			isa = PBXFrameworksBuildPhase;
			buildActionMask = 2147483647;
			files = (
				CEB8536915EB42480009979A /* UIKit.framework in Frameworks */,
				CEB8536B15EB42480009979A /* Foundation.framework in Frameworks */,
				CEB8536D15EB42480009979A /* CoreGraphics.framework in Frameworks */,
				CEB8539515EB42800009979A /* QuartzCore.framework in Frameworks */,
			);
			runOnlyForDeploymentPostprocessing = 0;
		};
/* End PBXFrameworksBuildPhase section */

/* Begin PBXGroup section */
		CE876D9F15F0A1E300E2D7E8 /* Resources */ = {
			isa = PBXGroup;
			children = (
				CE876DA115F0A1E800E2D7E8 /* Images */,
			);
			name = Resources;
			sourceTree = "<group>";
		};
		CE876DA115F0A1E800E2D7E8 /* Images */ = {
			isa = PBXGroup;
			children = (
				CE84505815F1015E00FD89D7 /* icon.png */,
			);
			name = Images;
			sourceTree = "<group>";
		};
		CE90C2BA1637D28E00EA857F /* Products */ = {
			isa = PBXGroup;
			children = (
			);
			name = Products;
			sourceTree = "<group>";
		};
		CE90C2DB1637D34D00EA857F /* Pie */ = {
			isa = PBXGroup;
			children = (
			);
			name = Pie;
			sourceTree = "<group>";
		};
		CE90C2E31637D44B00EA857F /* Bar */ = {
			isa = PBXGroup;
			children = (
				CE90C2E41637D45600EA857F /* BarBaseViewController.h */,
				CE90C2E51637D45600EA857F /* BarBaseViewController.m */,
				CE90C2E71637D52200EA857F /* BarHorizontalViewController.h */,
				CE90C2E81637D52200EA857F /* BarHorizontalViewController.m */,
			);
			name = Bar;
			sourceTree = "<group>";
		};
		CEB8535915EB42480009979A = {
			isa = PBXGroup;
			children = (
				CEB8536E15EB42480009979A /* BIChart */,
				CEB8536715EB42480009979A /* Frameworks */,
				CEB8536515EB42480009979A /* Products */,
			);
			sourceTree = "<group>";
		};
		CEB8536515EB42480009979A /* Products */ = {
			isa = PBXGroup;
			children = (
				CEB8536415EB42480009979A /* BIChart.app */,
			);
			name = Products;
			sourceTree = "<group>";
		};
		CEB8536715EB42480009979A /* Frameworks */ = {
			isa = PBXGroup;
			children = (
				CE90C2B91637D28E00EA857F /* ISSFramework.xcodeproj */,
				CEB8538A15EB42800009979A /* QuartzCore.framework */,
				CEB8536815EB42480009979A /* UIKit.framework */,
				CEB8536A15EB42480009979A /* Foundation.framework */,
				CEB8536C15EB42480009979A /* CoreGraphics.framework */,
			);
			name = Frameworks;
			sourceTree = "<group>";
		};
		CEB8536E15EB42480009979A /* BIChart */ = {
			isa = PBXGroup;
			children = (
				CEB8539C15EB43570009979A /* Configs */,
				CEB8539B15EB434F0009979A /* Controllers */,
				CEB8537715EB42480009979A /* AppDelegate.h */,
				CEB8537815EB42480009979A /* AppDelegate.m */,
				CEB8537A15EB42480009979A /* MainStoryboard.storyboard */,
				CEB8536F15EB42480009979A /* Supporting Files */,
			);
			path = BIChart;
			sourceTree = "<group>";
		};
		CEB8536F15EB42480009979A /* Supporting Files */ = {
			isa = PBXGroup;
			children = (
				CE876D9F15F0A1E300E2D7E8 /* Resources */,
				CEB8537015EB42480009979A /* BIChart-Info.plist */,
				CEB8537115EB42480009979A /* InfoPlist.strings */,
				CEB8537415EB42480009979A /* main.m */,
				CEB8537615EB42480009979A /* BIChart-Prefix.pch */,
			);
			name = "Supporting Files";
			sourceTree = "<group>";
		};
		CEB8539B15EB434F0009979A /* Controllers */ = {
			isa = PBXGroup;
			children = (
				CE90C2E31637D44B00EA857F /* Bar */,
				CE90C2DB1637D34D00EA857F /* Pie */,
				CE90C2DD1637D36E00EA857F /* LoginViewController.h */,
				CE90C2DE1637D36E00EA857F /* LoginViewController.m */,
				CE90C2DF1637D36E00EA857F /* GalaryViewController.h */,
				CE90C2E01637D36E00EA857F /* GalaryViewController.m */,
			);
			name = Controllers;
			sourceTree = "<group>";
		};
		CEB8539C15EB43570009979A /* Configs */ = {
			isa = PBXGroup;
			children = (
			);
			name = Configs;
			sourceTree = "<group>";
		};
/* End PBXGroup section */

/* Begin PBXNativeTarget section */
		CEB8536315EB42480009979A /* BIChart */ = {
			isa = PBXNativeTarget;
			buildConfigurationList = CEB8538215EB42480009979A /* Build configuration list for PBXNativeTarget "BIChart" */;
			buildPhases = (
				CEB8536015EB42480009979A /* Sources */,
				CEB8536115EB42480009979A /* Frameworks */,
				CEB8536215EB42480009979A /* Resources */,
			);
			buildRules = (
			);
			dependencies = (
				CE90C2D31637D2E500EA857F /* PBXTargetDependency */,
			);
			name = BIChart;
			productName = BIChart;
			productReference = CEB8536415EB42480009979A /* BIChart.app */;
			productType = "com.apple.product-type.application";
		};
/* End PBXNativeTarget section */

/* Begin PBXProject section */
		CEB8535B15EB42480009979A /* Project object */ = {
			isa = PBXProject;
			attributes = {
				LastUpgradeCheck = 0440;
				ORGANIZATIONNAME = "Wei Mao";
			};
			buildConfigurationList = CEB8535E15EB42480009979A /* Build configuration list for PBXProject "BIChart" */;
			compatibilityVersion = "Xcode 3.2";
			developmentRegion = English;
			hasScannedForEncodings = 0;
			knownRegions = (
				en,
			);
			mainGroup = CEB8535915EB42480009979A;
			productRefGroup = CEB8536515EB42480009979A /* Products */;
			projectDirPath = "";
			projectReferences = (
				{
					ProductGroup = CE90C2BA1637D28E00EA857F /* Products */;
					ProjectRef = CE90C2B91637D28E00EA857F /* ISSFramework.xcodeproj */;
				},
			);
			projectRoot = "";
			targets = (
				CEB8536315EB42480009979A /* BIChart */,
			);
		};
/* End PBXProject section */

/* Begin PBXResourcesBuildPhase section */
		CEB8536215EB42480009979A /* Resources */ = {
			isa = PBXResourcesBuildPhase;
			buildActionMask = 2147483647;
			files = (
				CEB8537315EB42480009979A /* InfoPlist.strings in Resources */,
				CEB8537C15EB42480009979A /* MainStoryboard.storyboard in Resources */,
				CE84505915F1015E00FD89D7 /* icon.png in Resources */,
			);
			runOnlyForDeploymentPostprocessing = 0;
		};
/* End PBXResourcesBuildPhase section */

/* Begin PBXSourcesBuildPhase section */
		CEB8536015EB42480009979A /* Sources */ = {
			isa = PBXSourcesBuildPhase;
			buildActionMask = 2147483647;
			files = (
				CEB8537515EB42480009979A /* main.m in Sources */,
				CEB8537915EB42480009979A /* AppDelegate.m in Sources */,
				CE90C2E11637D36E00EA857F /* LoginViewController.m in Sources */,
				CE90C2E21637D36E00EA857F /* GalaryViewController.m in Sources */,
				CE90C2E61637D45600EA857F /* BarBaseViewController.m in Sources */,
				CE90C2E91637D52200EA857F /* BarHorizontalViewController.m in Sources */,
			);
			runOnlyForDeploymentPostprocessing = 0;
		};
/* End PBXSourcesBuildPhase section */

/* Begin PBXTargetDependency section */
		CE90C2D31637D2E500EA857F /* PBXTargetDependency */ = {
			isa = PBXTargetDependency;
			name = ISSFramework;
			targetProxy = CE90C2D21637D2E500EA857F /* PBXContainerItemProxy */;
		};
/* End PBXTargetDependency section */

/* Begin PBXVariantGroup section */
		CEB8537115EB42480009979A /* InfoPlist.strings */ = {
			isa = PBXVariantGroup;
			children = (
				CEB8537215EB42480009979A /* en */,
			);
			name = InfoPlist.strings;
			sourceTree = "<group>";
		};
		CEB8537A15EB42480009979A /* MainStoryboard.storyboard */ = {
			isa = PBXVariantGroup;
			children = (
				CEB8537B15EB42480009979A /* en */,
			);
			name = MainStoryboard.storyboard;
			sourceTree = "<group>";
		};
/* End PBXVariantGroup section */

/* Begin XCBuildConfiguration section */
		CEB8538015EB42480009979A /* Debug */ = {
			isa = XCBuildConfiguration;
			buildSettings = {
				ALWAYS_SEARCH_USER_PATHS = NO;
				ARCHS = "$(ARCHS_STANDARD_32_BIT)";
				CLANG_CXX_LANGUAGE_STANDARD = "gnu++0x";
				CLANG_ENABLE_OBJC_ARC = YES;
				CLANG_WARN__DUPLICATE_METHOD_MATCH = YES;
				CODE_SIGN_IDENTITY = "iPhone Developer: Fan Shi (47EC46D46Q)";
				"CODE_SIGN_IDENTITY[sdk=iphoneos*]" = "iPhone Developer: Fan Shi (47EC46D46Q)";
				COPY_PHASE_STRIP = NO;
				GCC_C_LANGUAGE_STANDARD = gnu99;
				GCC_DYNAMIC_NO_PIC = NO;
				GCC_OPTIMIZATION_LEVEL = 0;
				GCC_PREPROCESSOR_DEFINITIONS = (
					"DEBUG=1",
					"$(inherited)",
				);
				GCC_SYMBOLS_PRIVATE_EXTERN = NO;
				GCC_VERSION = com.apple.compilers.llvm.clang.1_0;
				GCC_WARN_ABOUT_RETURN_TYPE = YES;
				GCC_WARN_UNINITIALIZED_AUTOS = YES;
				GCC_WARN_UNUSED_VARIABLE = YES;
				IPHONEOS_DEPLOYMENT_TARGET = 5.1;
				PROVISIONING_PROFILE = "FCD88690-7185-4BA1-B401-195CF0E5B096";
				"PROVISIONING_PROFILE[sdk=iphoneos*]" = "FCD88690-7185-4BA1-B401-195CF0E5B096";
				SDKROOT = iphoneos;
				TARGETED_DEVICE_FAMILY = 2;
			};
			name = Debug;
		};
		CEB8538115EB42480009979A /* Release */ = {
			isa = XCBuildConfiguration;
			buildSettings = {
				ALWAYS_SEARCH_USER_PATHS = NO;
				ARCHS = "$(ARCHS_STANDARD_32_BIT)";
				CLANG_CXX_LANGUAGE_STANDARD = "gnu++0x";
				CLANG_ENABLE_OBJC_ARC = YES;
				CLANG_WARN__DUPLICATE_METHOD_MATCH = YES;
				CODE_SIGN_IDENTITY = "iPhone Developer: Fan Shi (47EC46D46Q)";
				"CODE_SIGN_IDENTITY[sdk=iphoneos*]" = "iPhone Developer: Fan Shi (47EC46D46Q)";
				COPY_PHASE_STRIP = YES;
				GCC_C_LANGUAGE_STANDARD = gnu99;
				GCC_VERSION = com.apple.compilers.llvm.clang.1_0;
				GCC_WARN_ABOUT_RETURN_TYPE = YES;
				GCC_WARN_UNINITIALIZED_AUTOS = YES;
				GCC_WARN_UNUSED_VARIABLE = YES;
				IPHONEOS_DEPLOYMENT_TARGET = 5.1;
				OTHER_CFLAGS = "-DNS_BLOCK_ASSERTIONS=1";
				PROVISIONING_PROFILE = "FCD88690-7185-4BA1-B401-195CF0E5B096";
				"PROVISIONING_PROFILE[sdk=iphoneos*]" = "FCD88690-7185-4BA1-B401-195CF0E5B096";
				SDKROOT = iphoneos;
				TARGETED_DEVICE_FAMILY = 2;
				VALIDATE_PRODUCT = YES;
			};
			name = Release;
		};
		CEB8538315EB42480009979A /* Debug */ = {
			isa = XCBuildConfiguration;
			buildSettings = {
				CODE_SIGN_IDENTITY = "iPhone Developer: Fan Shi (47EC46D46Q)";
				"CODE_SIGN_IDENTITY[sdk=iphoneos*]" = "iPhone Developer: Fan Shi (47EC46D46Q)";
				FRAMEWORK_SEARCH_PATHS = (
					"$(inherited)",
					"\"$(SRCROOT)/../../../Library/Developer/Xcode/DerivedData/CdtsFramework-fwivomcsvevahugfyzissitzsaxn/Build/Products/Release-iphoneos\"",
					"\"$(SRCROOT)\"",
					"\"$(SRCROOT)/../../Desktop\"",
					"\"$(SRCROOT)/../../../Library/Developer/Xcode/DerivedData/ISSFramework-cxylocjgldfqppfuxovwokhcrufe/Build/Products/Debug-iphonesimulator\"",
				);
				GCC_PRECOMPILE_PREFIX_HEADER = YES;
				GCC_PREFIX_HEADER = "BIChart/BIChart-Prefix.pch";
				INFOPLIST_FILE = "BIChart/BIChart-Info.plist";
				LIBRARY_SEARCH_PATHS = (
					"$(inherited)",
					"\"$(SRCROOT)/../../Library/CorePlot_1.0/Binaries/iOS\"",
					"\"$(SRCROOT)/../../Library/CorePlot_1.0 new/Binaries/iOS\"",
					"\"$(SRCROOT)\"",
					"\"$(SRCROOT)/CorePlot_lib\"",
				);
				"OTHER_LDFLAGS[arch=*]" = (
					"-ObjC",
					"-all_load",
				);
				PRODUCT_NAME = "$(TARGET_NAME)";
				PROVISIONING_PROFILE = "1E1BED4C-60EA-43A1-8DA7-0787E01C0C8B";
				"PROVISIONING_PROFILE[sdk=iphoneos*]" = "1E1BED4C-60EA-43A1-8DA7-0787E01C0C8B";
				VALID_ARCHS = "";
				"VALID_ARCHS[sdk=*]" = armv7;
				WRAPPER_EXTENSION = app;
			};
			name = Debug;
		};
		CEB8538415EB42480009979A /* Release */ = {
			isa = XCBuildConfiguration;
			buildSettings = {
				CODE_SIGN_IDENTITY = "iPhone Developer: Fan Shi (47EC46D46Q)";
				"CODE_SIGN_IDENTITY[sdk=iphoneos*]" = "iPhone Developer: Fan Shi (47EC46D46Q)";
				FRAMEWORK_SEARCH_PATHS = (
					"$(inherited)",
					"\"$(SRCROOT)/../../../Library/Developer/Xcode/DerivedData/CdtsFramework-fwivomcsvevahugfyzissitzsaxn/Build/Products/Release-iphoneos\"",
					"\"$(SRCROOT)\"",
					"\"$(SRCROOT)/../../Desktop\"",
					"\"$(SRCROOT)/../../../Library/Developer/Xcode/DerivedData/ISSFramework-cxylocjgldfqppfuxovwokhcrufe/Build/Products/Debug-iphonesimulator\"",
				);
				GCC_PRECOMPILE_PREFIX_HEADER = YES;
				GCC_PREFIX_HEADER = "BIChart/BIChart-Prefix.pch";
				INFOPLIST_FILE = "BIChart/BIChart-Info.plist";
				LIBRARY_SEARCH_PATHS = (
					"$(inherited)",
					"\"$(SRCROOT)/../../Library/CorePlot_1.0/Binaries/iOS\"",
					"\"$(SRCROOT)/../../Library/CorePlot_1.0 new/Binaries/iOS\"",
					"\"$(SRCROOT)\"",
					"\"$(SRCROOT)/CorePlot_lib\"",
				);
				"OTHER_LDFLAGS[arch=*]" = (
					"-ObjC",
					"-all_load",
				);
				PRODUCT_NAME = "$(TARGET_NAME)";
				PROVISIONING_PROFILE = "1E1BED4C-60EA-43A1-8DA7-0787E01C0C8B";
				"PROVISIONING_PROFILE[sdk=iphoneos*]" = "1E1BED4C-60EA-43A1-8DA7-0787E01C0C8B";
				VALID_ARCHS = "";
				"VALID_ARCHS[sdk=*]" = armv7;
				WRAPPER_EXTENSION = app;
			};
			name = Release;
		};
/* End XCBuildConfiguration section */

/* Begin XCConfigurationList section */
		CEB8535E15EB42480009979A /* Build configuration list for PBXProject "BIChart" */ = {
			isa = XCConfigurationList;
			buildConfigurations = (
				CEB8538015EB42480009979A /* Debug */,
				CEB8538115EB42480009979A /* Release */,
			);
			defaultConfigurationIsVisible = 0;
			defaultConfigurationName = Release;
		};
		CEB8538215EB42480009979A /* Build configuration list for PBXNativeTarget "BIChart" */ = {
			isa = XCConfigurationList;
			buildConfigurations = (
				CEB8538315EB42480009979A /* Debug */,
				CEB8538415EB42480009979A /* Release */,
			);
			defaultConfigurationIsVisible = 0;
			defaultConfigurationName = Release;
		};
/* End XCConfigurationList section */
	};
	rootObject = CEB8535B15EB42480009979A /* Project object */;
}
